lockVersion: 2.0.0
id: 08dd8c7b-af26-4ae9-bfae-d03d4b92e99f
management:
  docChecksum: 0d7fa78d9363ed4c8f421999c944f911
  docVersion: 0.0.1
  speakeasyVersion: 1.279.2
  generationVersion: 2.322.5
  releaseVersion: 0.2.1
  configChecksum: b1899be0eb2ce0f7da6e6ea05efbed40
features:
  go:
    constsAndDefaults: 0.1.4
    core: 3.4.7
    deprecations: 2.81.1
    downloadStreams: 0.1.1
    flattening: 2.81.1
    globalSecurity: 2.82.9
    globalServerURLs: 2.82.2
    globals: 2.82.2
    methodSecurity: 2.82.2
    responseFormat: 0.1.1
    unions: 2.85.4
generatedFiles:
  - appv1.go
  - authv1.go
  - billingv1.go
  - buildv1.go
  - buildv2.go
  - deploymentv1.go
  - deploymentv2.go
  - discoveryv1.go
  - lobbyv1.go
  - lobbyv2.go
  - lobbyv3.go
  - logv1.go
  - managementv1.go
  - metricsv1.go
  - organizationsv1.go
  - processesv1.go
  - processesv2.go
  - roomv1.go
  - roomv2.go
  - orgtokensv1.go
  - sdk.go
  - go.mod
  - pkg/models/sdkerrors/sdkerror.go
  - pkg/types/bigint.go
  - pkg/types/date.go
  - pkg/types/datetime.go
  - pkg/types/decimal.go
  - pkg/types/pointers.go
  - pkg/utils/contenttype.go
  - pkg/utils/form.go
  - pkg/utils/headers.go
  - pkg/utils/json.go
  - pkg/utils/pathparams.go
  - pkg/utils/queryparams.go
  - pkg/utils/requestbody.go
  - pkg/utils/retries.go
  - pkg/utils/security.go
  - pkg/utils/utils.go
  - internal/globals/globals.go
  - /pkg/models/operations/getapps.go
  - /pkg/models/operations/createapp.go
  - /pkg/models/operations/updateapp.go
  - /pkg/models/operations/getappinfo.go
  - /pkg/models/operations/deleteapp.go
  - /pkg/models/operations/loginanonymous.go
  - /pkg/models/operations/loginnickname.go
  - /pkg/models/operations/logingoogle.go
  - /pkg/models/operations/getbalance.go
  - /pkg/models/operations/getpaymentmethod.go
  - /pkg/models/operations/initstripecustomerportalurl.go
  - /pkg/models/operations/getinvoices.go
  - /pkg/models/operations/getbuildsdeprecated.go
  - /pkg/models/operations/getbuildinfodeprecated.go
  - /pkg/models/operations/createbuilddeprecated.go
  - /pkg/models/operations/runbuilddeprecated.go
  - /pkg/models/operations/deletebuilddeprecated.go
  - /pkg/models/operations/getbuilds.go
  - /pkg/models/operations/getbuildinfo.go
  - /pkg/models/operations/createbuild.go
  - /pkg/models/operations/runbuild.go
  - /pkg/models/operations/deletebuild.go
  - /pkg/models/operations/getdeploymentsdeprecated.go
  - /pkg/models/operations/getlatestdeploymentdeprecated.go
  - /pkg/models/operations/getdeploymentinfodeprecated.go
  - /pkg/models/operations/createdeploymentdeprecated.go
  - /pkg/models/operations/getdeployments.go
  - /pkg/models/operations/getlatestdeployment.go
  - /pkg/models/operations/getdeploymentinfo.go
  - /pkg/models/operations/createdeployment.go
  - /pkg/models/operations/getpingserviceendpoints.go
  - /pkg/models/operations/createprivatelobbydeprecated.go
  - /pkg/models/operations/createpubliclobbydeprecated.go
  - /pkg/models/operations/listactivepubliclobbiesdeprecatedv1.go
  - /pkg/models/operations/createprivatelobby.go
  - /pkg/models/operations/createpubliclobby.go
  - /pkg/models/operations/createlocallobby.go
  - /pkg/models/operations/createlobbydeprecated.go
  - /pkg/models/operations/listactivepubliclobbiesdeprecatedv2.go
  - /pkg/models/operations/getlobbyinfo.go
  - /pkg/models/operations/setlobbystate.go
  - /pkg/models/operations/createlobby.go
  - /pkg/models/operations/listactivepubliclobbies.go
  - /pkg/models/operations/getlobbyinfobyroomid.go
  - /pkg/models/operations/getlobbyinfobyshortcode.go
  - /pkg/models/operations/getlogsforapp.go
  - /pkg/models/operations/getlogsforprocess.go
  - /pkg/models/operations/downloadlogforprocess.go
  - /pkg/models/operations/getlogsfordeployment.go
  - /pkg/models/operations/sendverificationemail.go
  - /pkg/models/operations/getmetrics.go
  - /pkg/models/operations/inviteuser.go
  - /pkg/models/operations/rescindinvite.go
  - /pkg/models/operations/getorgpendinginvites.go
  - /pkg/models/operations/getuserpendinginvites.go
  - /pkg/models/operations/acceptinvite.go
  - /pkg/models/operations/rejectinvite.go
  - /pkg/models/operations/getrunningprocesses.go
  - /pkg/models/operations/getstoppedprocesses.go
  - /pkg/models/operations/getprocessinfodeprecated.go
  - /pkg/models/operations/getprocessinfo.go
  - /pkg/models/operations/getlatestprocesses.go
  - /pkg/models/operations/stopprocess.go
  - /pkg/models/operations/createprocess.go
  - /pkg/models/operations/createroomdeprecated.go
  - /pkg/models/operations/getroominfodeprecated.go
  - /pkg/models/operations/getactiveroomsforprocessdeprecated.go
  - /pkg/models/operations/getinactiveroomsforprocessdeprecated.go
  - /pkg/models/operations/destroyroomdeprecated.go
  - /pkg/models/operations/suspendroomdeprecated.go
  - /pkg/models/operations/getconnectioninfodeprecated.go
  - /pkg/models/operations/createroom.go
  - /pkg/models/operations/getroominfo.go
  - /pkg/models/operations/getactiveroomsforprocess.go
  - /pkg/models/operations/getinactiveroomsforprocess.go
  - /pkg/models/operations/destroyroom.go
  - /pkg/models/operations/suspendroom.go
  - /pkg/models/operations/getconnectioninfo.go
  - /pkg/models/operations/updateroomconfig.go
  - /pkg/models/operations/getorgtokens.go
  - /pkg/models/operations/createorgtoken.go
  - /pkg/models/operations/revokeorgtoken.go
  - /pkg/models/shared/applicationwithlatestdeploymentandbuild.go
  - /pkg/models/shared/build.go
  - /pkg/models/shared/buildstatus.go
  - /pkg/models/shared/region.go
  - /pkg/models/shared/containerport.go
  - /pkg/models/shared/transporttype.go
  - /pkg/models/shared/authconfiguration.go
  - /pkg/models/shared/recordstringnever.go
  - /pkg/models/shared/application.go
  - /pkg/models/shared/appconfig.go
  - /pkg/models/shared/playertokenobject.go
  - /pkg/models/shared/nicknameobject.go
  - /pkg/models/shared/googleidtokenobject.go
  - /pkg/models/shared/paymentmethod.go
  - /pkg/models/shared/linkpaymentmethod.go
  - /pkg/models/shared/achpaymentmethod.go
  - /pkg/models/shared/cardpaymentmethod.go
  - /pkg/models/shared/cardbrand.go
  - /pkg/models/shared/customerportalurl.go
  - /pkg/models/shared/invoice.go
  - /pkg/models/shared/invoicestatus.go
  - /pkg/models/shared/createbuildparams.go
  - /pkg/models/shared/deployment.go
  - /pkg/models/shared/planname.go
  - /pkg/models/shared/deploymentconfig.go
  - /pkg/models/shared/deploymentv2.go
  - /pkg/models/shared/deploymentconfigv2.go
  - /pkg/models/shared/pingendpoints.go
  - /pkg/models/shared/lobby.go
  - /pkg/models/shared/lobbyvisibility.go
  - /pkg/models/shared/lobbyinitialconfig.go
  - /pkg/models/shared/createlobbyparams.go
  - /pkg/models/shared/setlobbystateparams.go
  - /pkg/models/shared/lobbyv3.go
  - /pkg/models/shared/createlobbyv3params.go
  - /pkg/models/shared/verificationemailsuccess.go
  - /pkg/models/shared/verificationemailrequest.go
  - /pkg/models/shared/metricsdata.go
  - /pkg/models/shared/metricvalue.go
  - /pkg/models/shared/metricname.go
  - /pkg/models/shared/orgpermission.go
  - /pkg/models/shared/organizationinvitestatus.go
  - /pkg/models/shared/invitestatuspending.go
  - /pkg/models/shared/invitestatusaccepted.go
  - /pkg/models/shared/invitestatusrejected.go
  - /pkg/models/shared/invitestatusrescinded.go
  - /pkg/models/shared/createuserinvite.go
  - /pkg/models/shared/rescinduserinvite.go
  - /pkg/models/shared/orginvitespage.go
  - /pkg/models/shared/processwithrooms.go
  - /pkg/models/shared/roomwithoutallocations.go
  - /pkg/models/shared/roomstatus.go
  - /pkg/models/shared/exposedport.go
  - /pkg/models/shared/process.go
  - /pkg/models/shared/processv2.go
  - /pkg/models/shared/processstatus.go
  - /pkg/models/shared/createroomparams.go
  - /pkg/models/shared/room.go
  - /pkg/models/shared/roomallocation.go
  - /pkg/models/shared/connectioninfo.go
  - /pkg/models/shared/startingconnectioninfo.go
  - /pkg/models/shared/activeconnectioninfo.go
  - /pkg/models/shared/roomconnectiondata.go
  - /pkg/models/shared/roomreadystatus.go
  - /pkg/models/shared/connectioninfov2.go
  - /pkg/models/shared/updateroomconfigparams.go
  - /pkg/models/shared/listorgtokens.go
  - /pkg/models/shared/orgtoken.go
  - /pkg/models/shared/orgtokenstatus.go
  - /pkg/models/shared/createdorgtoken.go
  - /pkg/models/shared/createorgtoken.go
  - /pkg/models/shared/security.go
  - /pkg/models/sdkerrors/apierror.go
  - docs/pkg/models/operations/getappsresponse.md
  - docs/pkg/models/operations/createappresponse.md
  - docs/pkg/models/operations/updateappglobals.md
  - docs/pkg/models/operations/updateapprequest.md
  - docs/pkg/models/operations/updateappresponse.md
  - docs/pkg/models/operations/getappinfoglobals.md
  - docs/pkg/models/operations/getappinforequest.md
  - docs/pkg/models/operations/getappinforesponse.md
  - docs/pkg/models/operations/deleteappglobals.md
  - docs/pkg/models/operations/deleteapprequest.md
  - docs/pkg/models/operations/deleteappresponse.md
  - docs/pkg/models/operations/loginanonymousglobals.md
  - docs/pkg/models/operations/loginanonymousrequest.md
  - docs/pkg/models/operations/loginanonymousresponse.md
  - docs/pkg/models/operations/loginnicknameglobals.md
  - docs/pkg/models/operations/loginnicknamerequest.md
  - docs/pkg/models/operations/loginnicknameresponse.md
  - docs/pkg/models/operations/logingoogleglobals.md
  - docs/pkg/models/operations/logingooglerequest.md
  - docs/pkg/models/operations/logingoogleresponse.md
  - docs/pkg/models/operations/getbalanceresponse.md
  - docs/pkg/models/operations/getpaymentmethodresponse.md
  - docs/pkg/models/operations/initstripecustomerportalurlresponse.md
  - docs/pkg/models/operations/getinvoicesresponse.md
  - docs/pkg/models/operations/getbuildsdeprecatedglobals.md
  - docs/pkg/models/operations/getbuildsdeprecatedrequest.md
  - docs/pkg/models/operations/getbuildsdeprecatedresponse.md
  - docs/pkg/models/operations/getbuildinfodeprecatedglobals.md
  - docs/pkg/models/operations/getbuildinfodeprecatedrequest.md
  - docs/pkg/models/operations/getbuildinfodeprecatedresponse.md
  - docs/pkg/models/operations/createbuilddeprecatedglobals.md
  - docs/pkg/models/operations/createbuilddeprecatedrequest.md
  - docs/pkg/models/operations/createbuilddeprecatedresponse.md
  - docs/pkg/models/operations/runbuilddeprecatedglobals.md
  - docs/pkg/models/operations/file.md
  - docs/pkg/models/operations/runbuilddeprecatedrequestbody.md
  - docs/pkg/models/operations/runbuilddeprecatedrequest.md
  - docs/pkg/models/operations/runbuilddeprecatedresponse.md
  - docs/pkg/models/operations/deletebuilddeprecatedglobals.md
  - docs/pkg/models/operations/deletebuilddeprecatedrequest.md
  - docs/pkg/models/operations/deletebuilddeprecatedresponse.md
  - docs/pkg/models/operations/getbuildsglobals.md
  - docs/pkg/models/operations/getbuildsrequest.md
  - docs/pkg/models/operations/getbuildsresponse.md
  - docs/pkg/models/operations/getbuildinfoglobals.md
  - docs/pkg/models/operations/getbuildinforequest.md
  - docs/pkg/models/operations/getbuildinforesponse.md
  - docs/pkg/models/operations/createbuildglobals.md
  - docs/pkg/models/operations/createbuildrequest.md
  - docs/pkg/models/operations/createbuildresponse.md
  - docs/pkg/models/operations/runbuildglobals.md
  - docs/pkg/models/operations/runbuildfile.md
  - docs/pkg/models/operations/runbuildrequestbody.md
  - docs/pkg/models/operations/runbuildrequest.md
  - docs/pkg/models/operations/runbuildresponse.md
  - docs/pkg/models/operations/deletebuildglobals.md
  - docs/pkg/models/operations/deletebuildrequest.md
  - docs/pkg/models/operations/deletebuildresponse.md
  - docs/pkg/models/operations/getdeploymentsdeprecatedglobals.md
  - docs/pkg/models/operations/getdeploymentsdeprecatedrequest.md
  - docs/pkg/models/operations/getdeploymentsdeprecatedresponse.md
  - docs/pkg/models/operations/getlatestdeploymentdeprecatedglobals.md
  - docs/pkg/models/operations/getlatestdeploymentdeprecatedrequest.md
  - docs/pkg/models/operations/getlatestdeploymentdeprecatedresponse.md
  - docs/pkg/models/operations/getdeploymentinfodeprecatedglobals.md
  - docs/pkg/models/operations/getdeploymentinfodeprecatedrequest.md
  - docs/pkg/models/operations/getdeploymentinfodeprecatedresponse.md
  - docs/pkg/models/operations/createdeploymentdeprecatedglobals.md
  - docs/pkg/models/operations/createdeploymentdeprecatedrequest.md
  - docs/pkg/models/operations/createdeploymentdeprecatedresponse.md
  - docs/pkg/models/operations/getdeploymentsglobals.md
  - docs/pkg/models/operations/getdeploymentsrequest.md
  - docs/pkg/models/operations/getdeploymentsresponse.md
  - docs/pkg/models/operations/getlatestdeploymentglobals.md
  - docs/pkg/models/operations/getlatestdeploymentrequest.md
  - docs/pkg/models/operations/getlatestdeploymentresponse.md
  - docs/pkg/models/operations/getdeploymentinfoglobals.md
  - docs/pkg/models/operations/getdeploymentinforequest.md
  - docs/pkg/models/operations/getdeploymentinforesponse.md
  - docs/pkg/models/operations/createdeploymentglobals.md
  - docs/pkg/models/operations/createdeploymentrequest.md
  - docs/pkg/models/operations/createdeploymentresponse.md
  - docs/pkg/models/operations/getpingserviceendpointsresponse.md
  - docs/pkg/models/operations/createprivatelobbydeprecatedglobals.md
  - docs/pkg/models/operations/createprivatelobbydeprecatedsecurity.md
  - docs/pkg/models/operations/createprivatelobbydeprecatedrequest.md
  - docs/pkg/models/operations/createprivatelobbydeprecatedresponse.md
  - docs/pkg/models/operations/createpubliclobbydeprecatedglobals.md
  - docs/pkg/models/operations/createpubliclobbydeprecatedsecurity.md
  - docs/pkg/models/operations/createpubliclobbydeprecatedrequest.md
  - docs/pkg/models/operations/createpubliclobbydeprecatedresponse.md
  - docs/pkg/models/operations/listactivepubliclobbiesdeprecatedv1globals.md
  - docs/pkg/models/operations/listactivepubliclobbiesdeprecatedv1request.md
  - docs/pkg/models/operations/listactivepubliclobbiesdeprecatedv1response.md
  - docs/pkg/models/operations/createprivatelobbyglobals.md
  - docs/pkg/models/operations/createprivatelobbysecurity.md
  - docs/pkg/models/operations/createprivatelobbyrequestbody.md
  - docs/pkg/models/operations/createprivatelobbyrequest.md
  - docs/pkg/models/operations/createprivatelobbyresponse.md
  - docs/pkg/models/operations/createpubliclobbyglobals.md
  - docs/pkg/models/operations/createpubliclobbysecurity.md
  - docs/pkg/models/operations/createpubliclobbyrequestbody.md
  - docs/pkg/models/operations/createpubliclobbyrequest.md
  - docs/pkg/models/operations/createpubliclobbyresponse.md
  - docs/pkg/models/operations/createlocallobbyglobals.md
  - docs/pkg/models/operations/createlocallobbysecurity.md
  - docs/pkg/models/operations/createlocallobbyrequestbody.md
  - docs/pkg/models/operations/createlocallobbyrequest.md
  - docs/pkg/models/operations/createlocallobbyresponse.md
  - docs/pkg/models/operations/createlobbydeprecatedglobals.md
  - docs/pkg/models/operations/createlobbydeprecatedsecurity.md
  - docs/pkg/models/operations/createlobbydeprecatedrequest.md
  - docs/pkg/models/operations/createlobbydeprecatedresponse.md
  - docs/pkg/models/operations/listactivepubliclobbiesdeprecatedv2globals.md
  - docs/pkg/models/operations/listactivepubliclobbiesdeprecatedv2request.md
  - docs/pkg/models/operations/listactivepubliclobbiesdeprecatedv2response.md
  - docs/pkg/models/operations/getlobbyinfoglobals.md
  - docs/pkg/models/operations/getlobbyinforequest.md
  - docs/pkg/models/operations/getlobbyinforesponse.md
  - docs/pkg/models/operations/setlobbystateglobals.md
  - docs/pkg/models/operations/setlobbystaterequest.md
  - docs/pkg/models/operations/setlobbystateresponse.md
  - docs/pkg/models/operations/createlobbyglobals.md
  - docs/pkg/models/operations/createlobbysecurity.md
  - docs/pkg/models/operations/createlobbyrequest.md
  - docs/pkg/models/operations/createlobbyresponse.md
  - docs/pkg/models/operations/listactivepubliclobbiesglobals.md
  - docs/pkg/models/operations/listactivepubliclobbiesrequest.md
  - docs/pkg/models/operations/listactivepubliclobbiesresponse.md
  - docs/pkg/models/operations/getlobbyinfobyroomidglobals.md
  - docs/pkg/models/operations/getlobbyinfobyroomidrequest.md
  - docs/pkg/models/operations/getlobbyinfobyroomidresponse.md
  - docs/pkg/models/operations/getlobbyinfobyshortcodeglobals.md
  - docs/pkg/models/operations/getlobbyinfobyshortcoderequest.md
  - docs/pkg/models/operations/getlobbyinfobyshortcoderesponse.md
  - docs/pkg/models/operations/getlogsforappglobals.md
  - docs/pkg/models/operations/getlogsforapprequest.md
  - docs/pkg/models/operations/getlogsforappresponse.md
  - docs/pkg/models/operations/getlogsforprocessglobals.md
  - docs/pkg/models/operations/getlogsforprocessrequest.md
  - docs/pkg/models/operations/getlogsforprocessresponse.md
  - docs/pkg/models/operations/downloadlogforprocessglobals.md
  - docs/pkg/models/operations/downloadlogforprocessrequest.md
  - docs/pkg/models/operations/downloadlogforprocessresponse.md
  - docs/pkg/models/operations/getlogsfordeploymentglobals.md
  - docs/pkg/models/operations/getlogsfordeploymentrequest.md
  - docs/pkg/models/operations/getlogsfordeploymentresponse.md
  - docs/pkg/models/operations/sendverificationemailresponse.md
  - docs/pkg/models/operations/getmetricsglobals.md
  - docs/pkg/models/operations/getmetricsrequest.md
  - docs/pkg/models/operations/getmetricsresponse.md
  - docs/pkg/models/operations/inviteuserrequest.md
  - docs/pkg/models/operations/inviteuserresponse.md
  - docs/pkg/models/operations/rescindinviterequest.md
  - docs/pkg/models/operations/rescindinviteresponse.md
  - docs/pkg/models/operations/getorgpendinginvitesrequest.md
  - docs/pkg/models/operations/getorgpendinginvitesresponse.md
  - docs/pkg/models/operations/getuserpendinginvitesresponse.md
  - docs/pkg/models/operations/acceptinviterequest.md
  - docs/pkg/models/operations/acceptinviteresponse.md
  - docs/pkg/models/operations/rejectinviterequest.md
  - docs/pkg/models/operations/rejectinviteresponse.md
  - docs/pkg/models/operations/getrunningprocessesglobals.md
  - docs/pkg/models/operations/getrunningprocessesrequest.md
  - docs/pkg/models/operations/getrunningprocessesresponse.md
  - docs/pkg/models/operations/getstoppedprocessesglobals.md
  - docs/pkg/models/operations/getstoppedprocessesrequest.md
  - docs/pkg/models/operations/getstoppedprocessesresponse.md
  - docs/pkg/models/operations/getprocessinfodeprecatedglobals.md
  - docs/pkg/models/operations/getprocessinfodeprecatedrequest.md
  - docs/pkg/models/operations/getprocessinfodeprecatedresponse.md
  - docs/pkg/models/operations/getprocessinfoglobals.md
  - docs/pkg/models/operations/getprocessinforequest.md
  - docs/pkg/models/operations/getprocessinforesponse.md
  - docs/pkg/models/operations/getlatestprocessesglobals.md
  - docs/pkg/models/operations/getlatestprocessesrequest.md
  - docs/pkg/models/operations/getlatestprocessesresponse.md
  - docs/pkg/models/operations/stopprocessglobals.md
  - docs/pkg/models/operations/stopprocessrequest.md
  - docs/pkg/models/operations/stopprocessresponse.md
  - docs/pkg/models/operations/createprocessglobals.md
  - docs/pkg/models/operations/createprocessrequest.md
  - docs/pkg/models/operations/createprocessresponse.md
  - docs/pkg/models/operations/createroomdeprecatedglobals.md
  - docs/pkg/models/operations/createroomdeprecatedrequest.md
  - docs/pkg/models/operations/createroomdeprecatedresponse.md
  - docs/pkg/models/operations/getroominfodeprecatedglobals.md
  - docs/pkg/models/operations/getroominfodeprecatedrequest.md
  - docs/pkg/models/operations/getroominfodeprecatedresponse.md
  - docs/pkg/models/operations/getactiveroomsforprocessdeprecatedglobals.md
  - docs/pkg/models/operations/getactiveroomsforprocessdeprecatedrequest.md
  - docs/pkg/models/operations/getactiveroomsforprocessdeprecatedresponse.md
  - docs/pkg/models/operations/getinactiveroomsforprocessdeprecatedglobals.md
  - docs/pkg/models/operations/getinactiveroomsforprocessdeprecatedrequest.md
  - docs/pkg/models/operations/getinactiveroomsforprocessdeprecatedresponse.md
  - docs/pkg/models/operations/destroyroomdeprecatedglobals.md
  - docs/pkg/models/operations/destroyroomdeprecatedrequest.md
  - docs/pkg/models/operations/destroyroomdeprecatedresponse.md
  - docs/pkg/models/operations/suspendroomdeprecatedglobals.md
  - docs/pkg/models/operations/suspendroomdeprecatedrequest.md
  - docs/pkg/models/operations/suspendroomdeprecatedresponse.md
  - docs/pkg/models/operations/getconnectioninfodeprecatedglobals.md
  - docs/pkg/models/operations/getconnectioninfodeprecatedrequest.md
  - docs/pkg/models/operations/getconnectioninfodeprecatedresponse.md
  - docs/pkg/models/operations/createroomglobals.md
  - docs/pkg/models/operations/createroomrequest.md
  - docs/pkg/models/operations/createroomresponse.md
  - docs/pkg/models/operations/getroominfoglobals.md
  - docs/pkg/models/operations/getroominforequest.md
  - docs/pkg/models/operations/getroominforesponse.md
  - docs/pkg/models/operations/getactiveroomsforprocessglobals.md
  - docs/pkg/models/operations/getactiveroomsforprocessrequest.md
  - docs/pkg/models/operations/getactiveroomsforprocessresponse.md
  - docs/pkg/models/operations/getinactiveroomsforprocessglobals.md
  - docs/pkg/models/operations/getinactiveroomsforprocessrequest.md
  - docs/pkg/models/operations/getinactiveroomsforprocessresponse.md
  - docs/pkg/models/operations/destroyroomglobals.md
  - docs/pkg/models/operations/destroyroomrequest.md
  - docs/pkg/models/operations/destroyroomresponse.md
  - docs/pkg/models/operations/suspendroomglobals.md
  - docs/pkg/models/operations/suspendroomrequest.md
  - docs/pkg/models/operations/suspendroomresponse.md
  - docs/pkg/models/operations/getconnectioninfoglobals.md
  - docs/pkg/models/operations/getconnectioninforequest.md
  - docs/pkg/models/operations/getconnectioninforesponse.md
  - docs/pkg/models/operations/updateroomconfigglobals.md
  - docs/pkg/models/operations/updateroomconfigrequest.md
  - docs/pkg/models/operations/updateroomconfigresponse.md
  - docs/pkg/models/operations/getorgtokensrequest.md
  - docs/pkg/models/operations/getorgtokensresponse.md
  - docs/pkg/models/operations/createorgtokenrequest.md
  - docs/pkg/models/operations/createorgtokenresponse.md
  - docs/pkg/models/operations/revokeorgtokenrequest.md
  - docs/pkg/models/operations/revokeorgtokenresponse.md
  - docs/pkg/models/shared/applicationwithlatestdeploymentandbuildenv.md
  - docs/pkg/models/shared/applicationwithlatestdeploymentandbuilddeployment.md
  - docs/pkg/models/shared/applicationwithlatestdeploymentandbuild.md
  - docs/pkg/models/shared/regionalcontainertags.md
  - docs/pkg/models/shared/build.md
  - docs/pkg/models/shared/buildstatus.md
  - docs/pkg/models/shared/region.md
  - docs/pkg/models/shared/containerport.md
  - docs/pkg/models/shared/transporttype.md
  - docs/pkg/models/shared/google.md
  - docs/pkg/models/shared/authconfiguration.md
  - docs/pkg/models/shared/recordstringnever.md
  - docs/pkg/models/shared/application.md
  - docs/pkg/models/shared/appconfig.md
  - docs/pkg/models/shared/playertokenobject.md
  - docs/pkg/models/shared/nicknameobject.md
  - docs/pkg/models/shared/googleidtokenobject.md
  - docs/pkg/models/shared/paymentmethod.md
  - docs/pkg/models/shared/linkpaymentmethod.md
  - docs/pkg/models/shared/achpaymentmethod.md
  - docs/pkg/models/shared/cardpaymentmethod.md
  - docs/pkg/models/shared/cardbrand.md
  - docs/pkg/models/shared/customerportalurl.md
  - docs/pkg/models/shared/invoice.md
  - docs/pkg/models/shared/invoicestatus.md
  - docs/pkg/models/shared/createbuildparams.md
  - docs/pkg/models/shared/env.md
  - docs/pkg/models/shared/deploymenttransporttype.md
  - docs/pkg/models/shared/deployment.md
  - docs/pkg/models/shared/planname.md
  - docs/pkg/models/shared/deploymentconfigenv.md
  - docs/pkg/models/shared/deploymentconfig.md
  - docs/pkg/models/shared/deploymentv2env.md
  - docs/pkg/models/shared/deploymentv2.md
  - docs/pkg/models/shared/deploymentconfigv2env.md
  - docs/pkg/models/shared/deploymentconfigv2.md
  - docs/pkg/models/shared/pingendpoints.md
  - docs/pkg/models/shared/state.md
  - docs/pkg/models/shared/lobby.md
  - docs/pkg/models/shared/lobbyvisibility.md
  - docs/pkg/models/shared/lobbyinitialconfig.md
  - docs/pkg/models/shared/createlobbyparams.md
  - docs/pkg/models/shared/setlobbystateparamsstate.md
  - docs/pkg/models/shared/setlobbystateparams.md
  - docs/pkg/models/shared/lobbyv3.md
  - docs/pkg/models/shared/createlobbyv3params.md
  - docs/pkg/models/shared/verificationemailsuccess.md
  - docs/pkg/models/shared/verificationemailrequest.md
  - docs/pkg/models/shared/metricsdata.md
  - docs/pkg/models/shared/metricvalue.md
  - docs/pkg/models/shared/metricname.md
  - docs/pkg/models/shared/orgpermission.md
  - docs/pkg/models/shared/organizationinvitestatus.md
  - docs/pkg/models/shared/type.md
  - docs/pkg/models/shared/invitestatuspending.md
  - docs/pkg/models/shared/invitestatusacceptedtype.md
  - docs/pkg/models/shared/invitestatusaccepted.md
  - docs/pkg/models/shared/invitestatusrejectedtype.md
  - docs/pkg/models/shared/invitestatusrejected.md
  - docs/pkg/models/shared/invitestatusrescindedtype.md
  - docs/pkg/models/shared/invitestatusrescinded.md
  - docs/pkg/models/shared/createuserinvite.md
  - docs/pkg/models/shared/rescinduserinvite.md
  - docs/pkg/models/shared/orginvitespage.md
  - docs/pkg/models/shared/processwithroomsexposedport.md
  - docs/pkg/models/shared/processwithrooms.md
  - docs/pkg/models/shared/currentallocation.md
  - docs/pkg/models/shared/roomwithoutallocations.md
  - docs/pkg/models/shared/roomstatus.md
  - docs/pkg/models/shared/exposedport.md
  - docs/pkg/models/shared/processexposedport.md
  - docs/pkg/models/shared/process.md
  - docs/pkg/models/shared/processv2exposedport.md
  - docs/pkg/models/shared/processv2.md
  - docs/pkg/models/shared/processstatus.md
  - docs/pkg/models/shared/createroomparams.md
  - docs/pkg/models/shared/roomcurrentallocation.md
  - docs/pkg/models/shared/room.md
  - docs/pkg/models/shared/roomallocation.md
  - docs/pkg/models/shared/connectioninfo.md
  - docs/pkg/models/shared/status.md
  - docs/pkg/models/shared/startingconnectioninfo.md
  - docs/pkg/models/shared/activeconnectioninfostatus.md
  - docs/pkg/models/shared/activeconnectioninfo.md
  - docs/pkg/models/shared/roomconnectiondata.md
  - docs/pkg/models/shared/roomreadystatus.md
  - docs/pkg/models/shared/connectioninfov2.md
  - docs/pkg/models/shared/updateroomconfigparams.md
  - docs/pkg/models/shared/listorgtokens.md
  - docs/pkg/models/shared/orgtoken.md
  - docs/pkg/models/shared/orgtokenstatus.md
  - docs/pkg/models/shared/createdorgtoken.md
  - docs/pkg/models/shared/createorgtoken.md
  - docs/pkg/models/shared/security.md
  - docs/pkg/models/sdkerrors/apierror.md
  - docs/sdks/sdk/README.md
  - docs/sdks/appv1/README.md
  - docs/sdks/authv1/README.md
  - docs/sdks/billingv1/README.md
  - docs/sdks/buildv1/README.md
  - docs/sdks/buildv2/README.md
  - docs/sdks/deploymentv1/README.md
  - docs/sdks/deploymentv2/README.md
  - docs/sdks/discoveryv1/README.md
  - docs/sdks/lobbyv1/README.md
  - docs/sdks/lobbyv2/README.md
  - docs/sdks/lobbyv3/README.md
  - docs/sdks/logv1/README.md
  - docs/sdks/managementv1/README.md
  - docs/sdks/metricsv1/README.md
  - docs/sdks/organizationsv1/README.md
  - docs/sdks/processesv1/README.md
  - docs/sdks/processesv2/README.md
  - docs/sdks/roomv1/README.md
  - docs/sdks/roomv2/README.md
  - docs/sdks/orgtokensv1/README.md
  - USAGE.md
  - .gitattributes
  - internal/hooks/hooks.go
