speakeasyVersion: 1.455.7
sources:
    HathoraCloud-OAS:
        sourceNamespace: my-source
        sourceRevisionDigest: sha256:5e4e0aa0cd2a5fefcb1823ebeb9b71c71054b416b4e8f41ff37fba09b7b87bd6
        sourceBlobDigest: sha256:ea3a8b68869fbc1c7cb02fe3a71eeb6b4247f09e4ba2e86b1d187cd3b21b1ed0
        tags:
            - latest
            - 0.0.1
    my-source:
        sourceNamespace: my-source
        sourceRevisionDigest: sha256:ff117b4b1aafccc0a20a5d5730169ad15b444b7765d5aeadbc8419ff564238e2
        sourceBlobDigest: sha256:359ccd96250eaafa4b8dcf29095e596e43f7f5b7081b723eabaecedf060a6616
        tags:
            - latest
targets:
    hathora-cloud:
        source: my-source
        sourceNamespace: my-source
        sourceRevisionDigest: sha256:ff117b4b1aafccc0a20a5d5730169ad15b444b7765d5aeadbc8419ff564238e2
        sourceBlobDigest: sha256:359ccd96250eaafa4b8dcf29095e596e43f7f5b7081b723eabaecedf060a6616
        codeSamplesNamespace: my-source-go-code-samples
        codeSamplesRevisionDigest: sha256:396d6b8b0a4d9037513f63af08bf099041419b6c79cf3a6f706ccd98bdc6ad4b
workflow:
    workflowVersion: 1.0.0
    speakeasyVersion: latest
    sources:
        my-source:
            inputs:
                - location: registry.speakeasyapi.dev/hathora/hathora/my-source:main
            registry:
                location: registry.speakeasyapi.dev/hathora/hathora/my-source
    targets:
        hathora-cloud:
            target: go
            source: my-source
            codeSamples:
                registry:
                    location: registry.speakeasyapi.dev/hathora/hathora/my-source-go-code-samples
                blocking: false
